
Microsoft Visual Studio Solution File, Format Version 12.00
# Visual Studio Version 16
VisualStudioVersion = 16.0.31613.86
MinimumVisualStudioVersion = 10.0.40219.1
Project("{FAE04EC0-301F-11D3-BF4B-00C04F79EFBC}") = "RosakhutorScraperClient", "RosakhutorScraperClient\RosakhutorScraperClient.csproj", "{C83625B9-E513-4386-B53D-48C42417C9F4}"
EndProject
Project("{FAE04EC0-301F-11D3-BF4B-00C04F79EFBC}") = "RosakhutorScraperLib", "RosakhutorScraperLib\RosakhutorScraperLib.csproj", "{44219036-B61B-498F-9D48-8206D1B6E21D}"
EndProject
Global
	GlobalSection(SolutionConfigurationPlatforms) = preSolution
		Debug|Any CPU = Debug|Any CPU
		Release|Any CPU = Release|Any CPU
	EndGlobalSection
	GlobalSection(ProjectConfigurationPlatforms) = postSolution
		{C83625B9-E513-4386-B53D-48C42417C9F4}.Debug|Any CPU.ActiveCfg = Debug|Any CPU
		{C83625B9-E513-4386-B53D-48C42417C9F4}.Debug|Any CPU.Build.0 = Debug|Any CPU
		{C83625B9-E513-4386-B53D-48C42417C9F4}.Release|Any CPU.ActiveCfg = Release|Any CPU
		{C83625B9-E513-4386-B53D-48C42417C9F4}.Release|Any CPU.Build.0 = Release|Any CPU
		{44219036-B61B-498F-9D48-8206D1B6E21D}.Debug|Any CPU.ActiveCfg = Debug|Any CPU
		{44219036-B61B-498F-9D48-8206D1B6E21D}.Debug|Any CPU.Build.0 = Debug|Any CPU
		{44219036-B61B-498F-9D48-8206D1B6E21D}.Release|Any CPU.ActiveCfg = Release|Any CPU
		{44219036-B61B-498F-9D48-8206D1B6E21D}.Release|Any CPU.Build.0 = Release|Any CPU
	EndGlobalSection
	GlobalSection(SolutionProperties) = preSolution
		HideSolutionNode = FALSE
	EndGlobalSection
	GlobalSection(ExtensibilityGlobals) = postSolution
		SolutionGuid = {4C27E8CA-D924-4081-A82D-34354D7E6DD0}
	EndGlobalSection
EndGlobal
